
Microsoft Visual Studio Solution File, Format Version 12.00
# Visual Studio Version 17
VisualStudioVersion = 17.9.34714.143
MinimumVisualStudioVersion = 10.0.40219.1
Project("{9A19103F-16F7-4668-BE54-9A1E7A4F7556}") = "WhoIsAPI", "WhoIsAPI.csproj", "{BC8C46FF-E56C-4C1A-9543-B822969DA11E}"
EndProject
Project("{FAE04EC0-301F-11D3-BF4B-00C04F79EFBC}") = "WhoIsAPI.Persistence", "..\WhoIsAPI.Persistence\WhoIsAPI.Persistence.csproj", "{6001D456-9A30-45AE-BC85-07D6A85E098C}"
EndProject
Project("{FAE04EC0-301F-11D3-BF4B-00C04F79EFBC}") = "WhoIsAPI.Domain", "..\WhoIsAPI.Domain\WhoIsAPI.Domain.csproj", "{E158DB39-A9BA-462C-A47F-04F3045813F1}"
EndProject
Project("{FAE04EC0-301F-11D3-BF4B-00C04F79EFBC}") = "WhoIsAPI.Application", "..\WhoIsAPI.Application\WhoIsAPI.Application.csproj", "{F9106A18-FC38-4329-8975-DB9F1015683E}"
EndProject
Global
	GlobalSection(SolutionConfigurationPlatforms) = preSolution
		Debug|Any CPU = Debug|Any CPU
		Release|Any CPU = Release|Any CPU
	EndGlobalSection
	GlobalSection(ProjectConfigurationPlatforms) = postSolution
		{BC8C46FF-E56C-4C1A-9543-B822969DA11E}.Debug|Any CPU.ActiveCfg = Debug|Any CPU
		{BC8C46FF-E56C-4C1A-9543-B822969DA11E}.Debug|Any CPU.Build.0 = Debug|Any CPU
		{BC8C46FF-E56C-4C1A-9543-B822969DA11E}.Release|Any CPU.ActiveCfg = Release|Any CPU
		{BC8C46FF-E56C-4C1A-9543-B822969DA11E}.Release|Any CPU.Build.0 = Release|Any CPU
		{6001D456-9A30-45AE-BC85-07D6A85E098C}.Debug|Any CPU.ActiveCfg = Debug|Any CPU
		{6001D456-9A30-45AE-BC85-07D6A85E098C}.Debug|Any CPU.Build.0 = Debug|Any CPU
		{6001D456-9A30-45AE-BC85-07D6A85E098C}.Release|Any CPU.ActiveCfg = Release|Any CPU
		{6001D456-9A30-45AE-BC85-07D6A85E098C}.Release|Any CPU.Build.0 = Release|Any CPU
		{E158DB39-A9BA-462C-A47F-04F3045813F1}.Debug|Any CPU.ActiveCfg = Debug|Any CPU
		{E158DB39-A9BA-462C-A47F-04F3045813F1}.Debug|Any CPU.Build.0 = Debug|Any CPU
		{E158DB39-A9BA-462C-A47F-04F3045813F1}.Release|Any CPU.ActiveCfg = Release|Any CPU
		{E158DB39-A9BA-462C-A47F-04F3045813F1}.Release|Any CPU.Build.0 = Release|Any CPU
		{F9106A18-FC38-4329-8975-DB9F1015683E}.Debug|Any CPU.ActiveCfg = Debug|Any CPU
		{F9106A18-FC38-4329-8975-DB9F1015683E}.Debug|Any CPU.Build.0 = Debug|Any CPU
		{F9106A18-FC38-4329-8975-DB9F1015683E}.Release|Any CPU.ActiveCfg = Release|Any CPU
		{F9106A18-FC38-4329-8975-DB9F1015683E}.Release|Any CPU.Build.0 = Release|Any CPU
	EndGlobalSection
	GlobalSection(SolutionProperties) = preSolution
		HideSolutionNode = FALSE
	EndGlobalSection
	GlobalSection(ExtensibilityGlobals) = postSolution
		SolutionGuid = {FCA7E2DC-CB50-4C5C-AEA8-CCEAC0162B17}
	EndGlobalSection
EndGlobal
